
Microsoft Visual Studio Solution File, Format Version 12.00
# Visual Studio Version 17
VisualStudioVersion = 17.1.32210.238
MinimumVisualStudioVersion = 10.0.40219.1
Project("{FAE04EC0-301F-11D3-BF4B-00C04F79EFBC}") = "1Aprel", "1Aprel\1Aprel.csproj", "{46C4B236-97AD-4D5D-9D5C-B98E2423EEC9}"
EndProject
Project("{FAE04EC0-301F-11D3-BF4B-00C04F79EFBC}") = "Collection", "Collection\Collection.csproj", "{CDDBCD5B-BC5C-4F6A-B31A-75D861467A45}"
EndProject
Global
	GlobalSection(SolutionConfigurationPlatforms) = preSolution
		Debug|Any CPU = Debug|Any CPU
		Release|Any CPU = Release|Any CPU
	EndGlobalSection
	GlobalSection(ProjectConfigurationPlatforms) = postSolution
		{46C4B236-97AD-4D5D-9D5C-B98E2423EEC9}.Debug|Any CPU.ActiveCfg = Debug|Any CPU
		{46C4B236-97AD-4D5D-9D5C-B98E2423EEC9}.Debug|Any CPU.Build.0 = Debug|Any CPU
		{46C4B236-97AD-4D5D-9D5C-B98E2423EEC9}.Release|Any CPU.ActiveCfg = Release|Any CPU
		{46C4B236-97AD-4D5D-9D5C-B98E2423EEC9}.Release|Any CPU.Build.0 = Release|Any CPU
		{CDDBCD5B-BC5C-4F6A-B31A-75D861467A45}.Debug|Any CPU.ActiveCfg = Debug|Any CPU
		{CDDBCD5B-BC5C-4F6A-B31A-75D861467A45}.Debug|Any CPU.Build.0 = Debug|Any CPU
		{CDDBCD5B-BC5C-4F6A-B31A-75D861467A45}.Release|Any CPU.ActiveCfg = Release|Any CPU
		{CDDBCD5B-BC5C-4F6A-B31A-75D861467A45}.Release|Any CPU.Build.0 = Release|Any CPU
	EndGlobalSection
	GlobalSection(SolutionProperties) = preSolution
		HideSolutionNode = FALSE
	EndGlobalSection
	GlobalSection(ExtensibilityGlobals) = postSolution
		SolutionGuid = {4940A348-57C8-478D-A63F-872A8BAEF6D9}
	EndGlobalSection
EndGlobal
